
Microsoft Visual Studio Solution File, Format Version 12.00
# Visual Studio 15
VisualStudioVersion = 15.0.26430.6
MinimumVisualStudioVersion = 10.0.40219.1
Project("{FAE04EC0-301F-11D3-BF4B-00C04F79EFBC}") = "csgo_xaml.Android", "csgo xaml\csgo_xaml.Android\csgo_xaml.Android.csproj", "{D0058928-2FBE-480E-AE89-2B6BEC16A7F1}"
EndProject
Project("{FAE04EC0-301F-11D3-BF4B-00C04F79EFBC}") = "csgo_xaml", "csgo xaml\csgo_xaml\csgo_xaml.csproj", "{DAD51FFC-3389-4A44-A40E-30160726E2B7}"
EndProject
Project("{FAE04EC0-301F-11D3-BF4B-00C04F79EFBC}") = "csgo_xaml.iOS", "csgo xaml\csgo_xaml.iOS\csgo_xaml.iOS.csproj", "{4583AF33-2319-41B1-B190-69A1EB69A3A8}"
EndProject
Global
	GlobalSection(SolutionConfigurationPlatforms) = preSolution
		Ad-Hoc|Any CPU = Ad-Hoc|Any CPU
		Ad-Hoc|iPhone = Ad-Hoc|iPhone
		Ad-Hoc|iPhoneSimulator = Ad-Hoc|iPhoneSimulator
		AppStore|Any CPU = AppStore|Any CPU
		AppStore|iPhone = AppStore|iPhone
		AppStore|iPhoneSimulator = AppStore|iPhoneSimulator
		Debug|Any CPU = Debug|Any CPU
		Debug|iPhone = Debug|iPhone
		Debug|iPhoneSimulator = Debug|iPhoneSimulator
		Release|Any CPU = Release|Any CPU
		Release|iPhone = Release|iPhone
		Release|iPhoneSimulator = Release|iPhoneSimulator
	EndGlobalSection
	GlobalSection(ProjectConfigurationPlatforms) = postSolution
		{D0058928-2FBE-480E-AE89-2B6BEC16A7F1}.Ad-Hoc|Any CPU.ActiveCfg = Release|Any CPU
		{D0058928-2FBE-480E-AE89-2B6BEC16A7F1}.Ad-Hoc|Any CPU.Build.0 = Release|Any CPU
		{D0058928-2FBE-480E-AE89-2B6BEC16A7F1}.Ad-Hoc|Any CPU.Deploy.0 = Release|Any CPU
		{D0058928-2FBE-480E-AE89-2B6BEC16A7F1}.Ad-Hoc|iPhone.ActiveCfg = Release|Any CPU
		{D0058928-2FBE-480E-AE89-2B6BEC16A7F1}.Ad-Hoc|iPhone.Build.0 = Release|Any CPU
		{D0058928-2FBE-480E-AE89-2B6BEC16A7F1}.Ad-Hoc|iPhone.Deploy.0 = Release|Any CPU
		{D0058928-2FBE-480E-AE89-2B6BEC16A7F1}.Ad-Hoc|iPhoneSimulator.ActiveCfg = Release|Any CPU
		{D0058928-2FBE-480E-AE89-2B6BEC16A7F1}.Ad-Hoc|iPhoneSimulator.Build.0 = Release|Any CPU
		{D0058928-2FBE-480E-AE89-2B6BEC16A7F1}.Ad-Hoc|iPhoneSimulator.Deploy.0 = Release|Any CPU
		{D0058928-2FBE-480E-AE89-2B6BEC16A7F1}.AppStore|Any CPU.ActiveCfg = Release|Any CPU
		{D0058928-2FBE-480E-AE89-2B6BEC16A7F1}.AppStore|Any CPU.Build.0 = Release|Any CPU
		{D0058928-2FBE-480E-AE89-2B6BEC16A7F1}.AppStore|Any CPU.Deploy.0 = Release|Any CPU
		{D0058928-2FBE-480E-AE89-2B6BEC16A7F1}.AppStore|iPhone.ActiveCfg = Release|Any CPU
		{D0058928-2FBE-480E-AE89-2B6BEC16A7F1}.AppStore|iPhone.Build.0 = Release|Any CPU
		{D0058928-2FBE-480E-AE89-2B6BEC16A7F1}.AppStore|iPhone.Deploy.0 = Release|Any CPU
		{D0058928-2FBE-480E-AE89-2B6BEC16A7F1}.AppStore|iPhoneSimulator.ActiveCfg = Release|Any CPU
		{D0058928-2FBE-480E-AE89-2B6BEC16A7F1}.AppStore|iPhoneSimulator.Build.0 = Release|Any CPU
		{D0058928-2FBE-480E-AE89-2B6BEC16A7F1}.AppStore|iPhoneSimulator.Deploy.0 = Release|Any CPU
		{D0058928-2FBE-480E-AE89-2B6BEC16A7F1}.Debug|Any CPU.ActiveCfg = Debug|Any CPU
		{D0058928-2FBE-480E-AE89-2B6BEC16A7F1}.Debug|Any CPU.Build.0 = Debug|Any CPU
		{D0058928-2FBE-480E-AE89-2B6BEC16A7F1}.Debug|Any CPU.Deploy.0 = Debug|Any CPU
		{D0058928-2FBE-480E-AE89-2B6BEC16A7F1}.Debug|iPhone.ActiveCfg = Debug|Any CPU
		{D0058928-2FBE-480E-AE89-2B6BEC16A7F1}.Debug|iPhone.Build.0 = Debug|Any CPU
		{D0058928-2FBE-480E-AE89-2B6BEC16A7F1}.Debug|iPhone.Deploy.0 = Debug|Any CPU
		{D0058928-2FBE-480E-AE89-2B6BEC16A7F1}.Debug|iPhoneSimulator.ActiveCfg = Debug|Any CPU
		{D0058928-2FBE-480E-AE89-2B6BEC16A7F1}.Debug|iPhoneSimulator.Build.0 = Debug|Any CPU
		{D0058928-2FBE-480E-AE89-2B6BEC16A7F1}.Debug|iPhoneSimulator.Deploy.0 = Debug|Any CPU
		{D0058928-2FBE-480E-AE89-2B6BEC16A7F1}.Release|Any CPU.ActiveCfg = Release|Any CPU
		{D0058928-2FBE-480E-AE89-2B6BEC16A7F1}.Release|Any CPU.Build.0 = Release|Any CPU
		{D0058928-2FBE-480E-AE89-2B6BEC16A7F1}.Release|Any CPU.Deploy.0 = Release|Any CPU
		{D0058928-2FBE-480E-AE89-2B6BEC16A7F1}.Release|iPhone.ActiveCfg = Release|Any CPU
		{D0058928-2FBE-480E-AE89-2B6BEC16A7F1}.Release|iPhone.Build.0 = Release|Any CPU
		{D0058928-2FBE-480E-AE89-2B6BEC16A7F1}.Release|iPhone.Deploy.0 = Release|Any CPU
		{D0058928-2FBE-480E-AE89-2B6BEC16A7F1}.Release|iPhoneSimulator.ActiveCfg = Release|Any CPU
		{D0058928-2FBE-480E-AE89-2B6BEC16A7F1}.Release|iPhoneSimulator.Build.0 = Release|Any CPU
		{D0058928-2FBE-480E-AE89-2B6BEC16A7F1}.Release|iPhoneSimulator.Deploy.0 = Release|Any CPU
		{DAD51FFC-3389-4A44-A40E-30160726E2B7}.Ad-Hoc|Any CPU.ActiveCfg = Release|Any CPU
		{DAD51FFC-3389-4A44-A40E-30160726E2B7}.Ad-Hoc|Any CPU.Build.0 = Release|Any CPU
		{DAD51FFC-3389-4A44-A40E-30160726E2B7}.Ad-Hoc|iPhone.ActiveCfg = Release|Any CPU
		{DAD51FFC-3389-4A44-A40E-30160726E2B7}.Ad-Hoc|iPhone.Build.0 = Release|Any CPU
		{DAD51FFC-3389-4A44-A40E-30160726E2B7}.Ad-Hoc|iPhoneSimulator.ActiveCfg = Release|Any CPU
		{DAD51FFC-3389-4A44-A40E-30160726E2B7}.Ad-Hoc|iPhoneSimulator.Build.0 = Release|Any CPU
		{DAD51FFC-3389-4A44-A40E-30160726E2B7}.AppStore|Any CPU.ActiveCfg = Release|Any CPU
		{DAD51FFC-3389-4A44-A40E-30160726E2B7}.AppStore|Any CPU.Build.0 = Release|Any CPU
		{DAD51FFC-3389-4A44-A40E-30160726E2B7}.AppStore|iPhone.ActiveCfg = Release|Any CPU
		{DAD51FFC-3389-4A44-A40E-30160726E2B7}.AppStore|iPhone.Build.0 = Release|Any CPU
		{DAD51FFC-3389-4A44-A40E-30160726E2B7}.AppStore|iPhoneSimulator.ActiveCfg = Release|Any CPU
		{DAD51FFC-3389-4A44-A40E-30160726E2B7}.AppStore|iPhoneSimulator.Build.0 = Release|Any CPU
		{DAD51FFC-3389-4A44-A40E-30160726E2B7}.Debug|Any CPU.ActiveCfg = Debug|Any CPU
		{DAD51FFC-3389-4A44-A40E-30160726E2B7}.Debug|Any CPU.Build.0 = Debug|Any CPU
		{DAD51FFC-3389-4A44-A40E-30160726E2B7}.Debug|iPhone.ActiveCfg = Debug|Any CPU
		{DAD51FFC-3389-4A44-A40E-30160726E2B7}.Debug|iPhone.Build.0 = Debug|Any CPU
		{DAD51FFC-3389-4A44-A40E-30160726E2B7}.Debug|iPhoneSimulator.ActiveCfg = Debug|Any CPU
		{DAD51FFC-3389-4A44-A40E-30160726E2B7}.Debug|iPhoneSimulator.Build.0 = Debug|Any CPU
		{DAD51FFC-3389-4A44-A40E-30160726E2B7}.Release|Any CPU.ActiveCfg = Release|Any CPU
		{DAD51FFC-3389-4A44-A40E-30160726E2B7}.Release|Any CPU.Build.0 = Release|Any CPU
		{DAD51FFC-3389-4A44-A40E-30160726E2B7}.Release|Any CPU.Deploy.0 = Release|Any CPU
		{DAD51FFC-3389-4A44-A40E-30160726E2B7}.Release|iPhone.ActiveCfg = Release|Any CPU
		{DAD51FFC-3389-4A44-A40E-30160726E2B7}.Release|iPhone.Build.0 = Release|Any CPU
		{DAD51FFC-3389-4A44-A40E-30160726E2B7}.Release|iPhoneSimulator.ActiveCfg = Release|Any CPU
		{DAD51FFC-3389-4A44-A40E-30160726E2B7}.Release|iPhoneSimulator.Build.0 = Release|Any CPU
		{4583AF33-2319-41B1-B190-69A1EB69A3A8}.Ad-Hoc|Any CPU.ActiveCfg = Ad-Hoc|iPhone
		{4583AF33-2319-41B1-B190-69A1EB69A3A8}.Ad-Hoc|iPhone.ActiveCfg = Ad-Hoc|iPhone
		{4583AF33-2319-41B1-B190-69A1EB69A3A8}.Ad-Hoc|iPhone.Build.0 = Ad-Hoc|iPhone
		{4583AF33-2319-41B1-B190-69A1EB69A3A8}.Ad-Hoc|iPhoneSimulator.ActiveCfg = Ad-Hoc|iPhoneSimulator
		{4583AF33-2319-41B1-B190-69A1EB69A3A8}.Ad-Hoc|iPhoneSimulator.Build.0 = Ad-Hoc|iPhoneSimulator
		{4583AF33-2319-41B1-B190-69A1EB69A3A8}.AppStore|Any CPU.ActiveCfg = AppStore|iPhone
		{4583AF33-2319-41B1-B190-69A1EB69A3A8}.AppStore|iPhone.ActiveCfg = AppStore|iPhone
		{4583AF33-2319-41B1-B190-69A1EB69A3A8}.AppStore|iPhone.Build.0 = AppStore|iPhone
		{4583AF33-2319-41B1-B190-69A1EB69A3A8}.AppStore|iPhoneSimulator.ActiveCfg = AppStore|iPhoneSimulator
		{4583AF33-2319-41B1-B190-69A1EB69A3A8}.AppStore|iPhoneSimulator.Build.0 = AppStore|iPhoneSimulator
		{4583AF33-2319-41B1-B190-69A1EB69A3A8}.Debug|Any CPU.ActiveCfg = Debug|iPhone
		{4583AF33-2319-41B1-B190-69A1EB69A3A8}.Debug|iPhone.ActiveCfg = Debug|iPhone
		{4583AF33-2319-41B1-B190-69A1EB69A3A8}.Debug|iPhone.Build.0 = Debug|iPhone
		{4583AF33-2319-41B1-B190-69A1EB69A3A8}.Debug|iPhoneSimulator.ActiveCfg = Debug|iPhoneSimulator
		{4583AF33-2319-41B1-B190-69A1EB69A3A8}.Debug|iPhoneSimulator.Build.0 = Debug|iPhoneSimulator
		{4583AF33-2319-41B1-B190-69A1EB69A3A8}.Release|Any CPU.ActiveCfg = Release|iPhone
		{4583AF33-2319-41B1-B190-69A1EB69A3A8}.Release|iPhone.ActiveCfg = Release|iPhone
		{4583AF33-2319-41B1-B190-69A1EB69A3A8}.Release|iPhone.Build.0 = Release|iPhone
		{4583AF33-2319-41B1-B190-69A1EB69A3A8}.Release|iPhoneSimulator.ActiveCfg = Release|iPhoneSimulator
		{4583AF33-2319-41B1-B190-69A1EB69A3A8}.Release|iPhoneSimulator.Build.0 = Release|iPhoneSimulator
	EndGlobalSection
	GlobalSection(SolutionProperties) = preSolution
		HideSolutionNode = FALSE
	EndGlobalSection
EndGlobal
