
Microsoft Visual Studio Solution File, Format Version 12.00
# Visual Studio 15
VisualStudioVersion = 15.0.26403.7
MinimumVisualStudioVersion = 10.0.40219.1
Project("{FAE04EC0-301F-11D3-BF4B-00C04F79EFBC}") = "csgo_mosna.Android", "csgo_mosna\csgo_mosna.Android\csgo_mosna.Android.csproj", "{8CD3F127-A92F-4DAA-805B-1DD0AAEA8361}"
EndProject
Project("{FAE04EC0-301F-11D3-BF4B-00C04F79EFBC}") = "csgo_mosna", "csgo_mosna\csgo_mosna\csgo_mosna.csproj", "{8FA34332-2F07-4A16-8DDC-D9A737F37862}"
EndProject
Project("{FAE04EC0-301F-11D3-BF4B-00C04F79EFBC}") = "csgo_mosna.UWP", "csgo_mosna\csgo_mosna.UWP\csgo_mosna.UWP.csproj", "{C014BD7A-ED21-46CE-8CE2-96BE434E3050}"
EndProject
Project("{FAE04EC0-301F-11D3-BF4B-00C04F79EFBC}") = "csgo_mosna.iOS", "csgo_mosna\csgo_mosna.iOS\csgo_mosna.iOS.csproj", "{3341D07C-D476-4097-B3A7-76FA58AAFE14}"
EndProject
Global
	GlobalSection(SolutionConfigurationPlatforms) = preSolution
		Ad-Hoc|Any CPU = Ad-Hoc|Any CPU
		Ad-Hoc|ARM = Ad-Hoc|ARM
		Ad-Hoc|iPhone = Ad-Hoc|iPhone
		Ad-Hoc|iPhoneSimulator = Ad-Hoc|iPhoneSimulator
		Ad-Hoc|x64 = Ad-Hoc|x64
		Ad-Hoc|x86 = Ad-Hoc|x86
		AppStore|Any CPU = AppStore|Any CPU
		AppStore|ARM = AppStore|ARM
		AppStore|iPhone = AppStore|iPhone
		AppStore|iPhoneSimulator = AppStore|iPhoneSimulator
		AppStore|x64 = AppStore|x64
		AppStore|x86 = AppStore|x86
		Debug|Any CPU = Debug|Any CPU
		Debug|ARM = Debug|ARM
		Debug|iPhone = Debug|iPhone
		Debug|iPhoneSimulator = Debug|iPhoneSimulator
		Debug|x64 = Debug|x64
		Debug|x86 = Debug|x86
		Release|Any CPU = Release|Any CPU
		Release|ARM = Release|ARM
		Release|iPhone = Release|iPhone
		Release|iPhoneSimulator = Release|iPhoneSimulator
		Release|x64 = Release|x64
		Release|x86 = Release|x86
	EndGlobalSection
	GlobalSection(ProjectConfigurationPlatforms) = postSolution
		{8CD3F127-A92F-4DAA-805B-1DD0AAEA8361}.Ad-Hoc|Any CPU.ActiveCfg = Release|Any CPU
		{8CD3F127-A92F-4DAA-805B-1DD0AAEA8361}.Ad-Hoc|Any CPU.Build.0 = Release|Any CPU
		{8CD3F127-A92F-4DAA-805B-1DD0AAEA8361}.Ad-Hoc|Any CPU.Deploy.0 = Release|Any CPU
		{8CD3F127-A92F-4DAA-805B-1DD0AAEA8361}.Ad-Hoc|ARM.ActiveCfg = Release|Any CPU
		{8CD3F127-A92F-4DAA-805B-1DD0AAEA8361}.Ad-Hoc|ARM.Build.0 = Release|Any CPU
		{8CD3F127-A92F-4DAA-805B-1DD0AAEA8361}.Ad-Hoc|ARM.Deploy.0 = Release|Any CPU
		{8CD3F127-A92F-4DAA-805B-1DD0AAEA8361}.Ad-Hoc|iPhone.ActiveCfg = Release|Any CPU
		{8CD3F127-A92F-4DAA-805B-1DD0AAEA8361}.Ad-Hoc|iPhone.Build.0 = Release|Any CPU
		{8CD3F127-A92F-4DAA-805B-1DD0AAEA8361}.Ad-Hoc|iPhone.Deploy.0 = Release|Any CPU
		{8CD3F127-A92F-4DAA-805B-1DD0AAEA8361}.Ad-Hoc|iPhoneSimulator.ActiveCfg = Release|Any CPU
		{8CD3F127-A92F-4DAA-805B-1DD0AAEA8361}.Ad-Hoc|iPhoneSimulator.Build.0 = Release|Any CPU
		{8CD3F127-A92F-4DAA-805B-1DD0AAEA8361}.Ad-Hoc|iPhoneSimulator.Deploy.0 = Release|Any CPU
		{8CD3F127-A92F-4DAA-805B-1DD0AAEA8361}.Ad-Hoc|x64.ActiveCfg = Release|Any CPU
		{8CD3F127-A92F-4DAA-805B-1DD0AAEA8361}.Ad-Hoc|x64.Build.0 = Release|Any CPU
		{8CD3F127-A92F-4DAA-805B-1DD0AAEA8361}.Ad-Hoc|x64.Deploy.0 = Release|Any CPU
		{8CD3F127-A92F-4DAA-805B-1DD0AAEA8361}.Ad-Hoc|x86.ActiveCfg = Release|Any CPU
		{8CD3F127-A92F-4DAA-805B-1DD0AAEA8361}.Ad-Hoc|x86.Build.0 = Release|Any CPU
		{8CD3F127-A92F-4DAA-805B-1DD0AAEA8361}.Ad-Hoc|x86.Deploy.0 = Release|Any CPU
		{8CD3F127-A92F-4DAA-805B-1DD0AAEA8361}.AppStore|Any CPU.ActiveCfg = Release|Any CPU
		{8CD3F127-A92F-4DAA-805B-1DD0AAEA8361}.AppStore|Any CPU.Build.0 = Release|Any CPU
		{8CD3F127-A92F-4DAA-805B-1DD0AAEA8361}.AppStore|Any CPU.Deploy.0 = Release|Any CPU
		{8CD3F127-A92F-4DAA-805B-1DD0AAEA8361}.AppStore|ARM.ActiveCfg = Release|Any CPU
		{8CD3F127-A92F-4DAA-805B-1DD0AAEA8361}.AppStore|ARM.Build.0 = Release|Any CPU
		{8CD3F127-A92F-4DAA-805B-1DD0AAEA8361}.AppStore|ARM.Deploy.0 = Release|Any CPU
		{8CD3F127-A92F-4DAA-805B-1DD0AAEA8361}.AppStore|iPhone.ActiveCfg = Release|Any CPU
		{8CD3F127-A92F-4DAA-805B-1DD0AAEA8361}.AppStore|iPhone.Build.0 = Release|Any CPU
		{8CD3F127-A92F-4DAA-805B-1DD0AAEA8361}.AppStore|iPhone.Deploy.0 = Release|Any CPU
		{8CD3F127-A92F-4DAA-805B-1DD0AAEA8361}.AppStore|iPhoneSimulator.ActiveCfg = Release|Any CPU
		{8CD3F127-A92F-4DAA-805B-1DD0AAEA8361}.AppStore|iPhoneSimulator.Build.0 = Release|Any CPU
		{8CD3F127-A92F-4DAA-805B-1DD0AAEA8361}.AppStore|iPhoneSimulator.Deploy.0 = Release|Any CPU
		{8CD3F127-A92F-4DAA-805B-1DD0AAEA8361}.AppStore|x64.ActiveCfg = Release|Any CPU
		{8CD3F127-A92F-4DAA-805B-1DD0AAEA8361}.AppStore|x64.Build.0 = Release|Any CPU
		{8CD3F127-A92F-4DAA-805B-1DD0AAEA8361}.AppStore|x64.Deploy.0 = Release|Any CPU
		{8CD3F127-A92F-4DAA-805B-1DD0AAEA8361}.AppStore|x86.ActiveCfg = Release|Any CPU
		{8CD3F127-A92F-4DAA-805B-1DD0AAEA8361}.AppStore|x86.Build.0 = Release|Any CPU
		{8CD3F127-A92F-4DAA-805B-1DD0AAEA8361}.AppStore|x86.Deploy.0 = Release|Any CPU
		{8CD3F127-A92F-4DAA-805B-1DD0AAEA8361}.Debug|Any CPU.ActiveCfg = Debug|Any CPU
		{8CD3F127-A92F-4DAA-805B-1DD0AAEA8361}.Debug|Any CPU.Build.0 = Debug|Any CPU
		{8CD3F127-A92F-4DAA-805B-1DD0AAEA8361}.Debug|Any CPU.Deploy.0 = Debug|Any CPU
		{8CD3F127-A92F-4DAA-805B-1DD0AAEA8361}.Debug|ARM.ActiveCfg = Debug|Any CPU
		{8CD3F127-A92F-4DAA-805B-1DD0AAEA8361}.Debug|ARM.Build.0 = Debug|Any CPU
		{8CD3F127-A92F-4DAA-805B-1DD0AAEA8361}.Debug|ARM.Deploy.0 = Debug|Any CPU
		{8CD3F127-A92F-4DAA-805B-1DD0AAEA8361}.Debug|iPhone.ActiveCfg = Debug|Any CPU
		{8CD3F127-A92F-4DAA-805B-1DD0AAEA8361}.Debug|iPhone.Build.0 = Debug|Any CPU
		{8CD3F127-A92F-4DAA-805B-1DD0AAEA8361}.Debug|iPhone.Deploy.0 = Debug|Any CPU
		{8CD3F127-A92F-4DAA-805B-1DD0AAEA8361}.Debug|iPhoneSimulator.ActiveCfg = Debug|Any CPU
		{8CD3F127-A92F-4DAA-805B-1DD0AAEA8361}.Debug|iPhoneSimulator.Build.0 = Debug|Any CPU
		{8CD3F127-A92F-4DAA-805B-1DD0AAEA8361}.Debug|iPhoneSimulator.Deploy.0 = Debug|Any CPU
		{8CD3F127-A92F-4DAA-805B-1DD0AAEA8361}.Debug|x64.ActiveCfg = Debug|Any CPU
		{8CD3F127-A92F-4DAA-805B-1DD0AAEA8361}.Debug|x64.Build.0 = Debug|Any CPU
		{8CD3F127-A92F-4DAA-805B-1DD0AAEA8361}.Debug|x64.Deploy.0 = Debug|Any CPU
		{8CD3F127-A92F-4DAA-805B-1DD0AAEA8361}.Debug|x86.ActiveCfg = Debug|Any CPU
		{8CD3F127-A92F-4DAA-805B-1DD0AAEA8361}.Debug|x86.Build.0 = Debug|Any CPU
		{8CD3F127-A92F-4DAA-805B-1DD0AAEA8361}.Debug|x86.Deploy.0 = Debug|Any CPU
		{8CD3F127-A92F-4DAA-805B-1DD0AAEA8361}.Release|Any CPU.ActiveCfg = Release|Any CPU
		{8CD3F127-A92F-4DAA-805B-1DD0AAEA8361}.Release|Any CPU.Build.0 = Release|Any CPU
		{8CD3F127-A92F-4DAA-805B-1DD0AAEA8361}.Release|Any CPU.Deploy.0 = Release|Any CPU
		{8CD3F127-A92F-4DAA-805B-1DD0AAEA8361}.Release|ARM.ActiveCfg = Release|Any CPU
		{8CD3F127-A92F-4DAA-805B-1DD0AAEA8361}.Release|ARM.Build.0 = Release|Any CPU
		{8CD3F127-A92F-4DAA-805B-1DD0AAEA8361}.Release|ARM.Deploy.0 = Release|Any CPU
		{8CD3F127-A92F-4DAA-805B-1DD0AAEA8361}.Release|iPhone.ActiveCfg = Release|Any CPU
		{8CD3F127-A92F-4DAA-805B-1DD0AAEA8361}.Release|iPhone.Build.0 = Release|Any CPU
		{8CD3F127-A92F-4DAA-805B-1DD0AAEA8361}.Release|iPhone.Deploy.0 = Release|Any CPU
		{8CD3F127-A92F-4DAA-805B-1DD0AAEA8361}.Release|iPhoneSimulator.ActiveCfg = Release|Any CPU
		{8CD3F127-A92F-4DAA-805B-1DD0AAEA8361}.Release|iPhoneSimulator.Build.0 = Release|Any CPU
		{8CD3F127-A92F-4DAA-805B-1DD0AAEA8361}.Release|iPhoneSimulator.Deploy.0 = Release|Any CPU
		{8CD3F127-A92F-4DAA-805B-1DD0AAEA8361}.Release|x64.ActiveCfg = Release|Any CPU
		{8CD3F127-A92F-4DAA-805B-1DD0AAEA8361}.Release|x64.Build.0 = Release|Any CPU
		{8CD3F127-A92F-4DAA-805B-1DD0AAEA8361}.Release|x64.Deploy.0 = Release|Any CPU
		{8CD3F127-A92F-4DAA-805B-1DD0AAEA8361}.Release|x86.ActiveCfg = Release|Any CPU
		{8CD3F127-A92F-4DAA-805B-1DD0AAEA8361}.Release|x86.Build.0 = Release|Any CPU
		{8CD3F127-A92F-4DAA-805B-1DD0AAEA8361}.Release|x86.Deploy.0 = Release|Any CPU
		{8FA34332-2F07-4A16-8DDC-D9A737F37862}.Ad-Hoc|Any CPU.ActiveCfg = Release|Any CPU
		{8FA34332-2F07-4A16-8DDC-D9A737F37862}.Ad-Hoc|Any CPU.Build.0 = Release|Any CPU
		{8FA34332-2F07-4A16-8DDC-D9A737F37862}.Ad-Hoc|ARM.ActiveCfg = Release|Any CPU
		{8FA34332-2F07-4A16-8DDC-D9A737F37862}.Ad-Hoc|ARM.Build.0 = Release|Any CPU
		{8FA34332-2F07-4A16-8DDC-D9A737F37862}.Ad-Hoc|iPhone.ActiveCfg = Release|Any CPU
		{8FA34332-2F07-4A16-8DDC-D9A737F37862}.Ad-Hoc|iPhone.Build.0 = Release|Any CPU
		{8FA34332-2F07-4A16-8DDC-D9A737F37862}.Ad-Hoc|iPhoneSimulator.ActiveCfg = Release|Any CPU
		{8FA34332-2F07-4A16-8DDC-D9A737F37862}.Ad-Hoc|iPhoneSimulator.Build.0 = Release|Any CPU
		{8FA34332-2F07-4A16-8DDC-D9A737F37862}.Ad-Hoc|x64.ActiveCfg = Release|Any CPU
		{8FA34332-2F07-4A16-8DDC-D9A737F37862}.Ad-Hoc|x64.Build.0 = Release|Any CPU
		{8FA34332-2F07-4A16-8DDC-D9A737F37862}.Ad-Hoc|x86.ActiveCfg = Release|Any CPU
		{8FA34332-2F07-4A16-8DDC-D9A737F37862}.Ad-Hoc|x86.Build.0 = Release|Any CPU
		{8FA34332-2F07-4A16-8DDC-D9A737F37862}.AppStore|Any CPU.ActiveCfg = Release|Any CPU
		{8FA34332-2F07-4A16-8DDC-D9A737F37862}.AppStore|Any CPU.Build.0 = Release|Any CPU
		{8FA34332-2F07-4A16-8DDC-D9A737F37862}.AppStore|ARM.ActiveCfg = Release|Any CPU
		{8FA34332-2F07-4A16-8DDC-D9A737F37862}.AppStore|ARM.Build.0 = Release|Any CPU
		{8FA34332-2F07-4A16-8DDC-D9A737F37862}.AppStore|iPhone.ActiveCfg = Release|Any CPU
		{8FA34332-2F07-4A16-8DDC-D9A737F37862}.AppStore|iPhone.Build.0 = Release|Any CPU
		{8FA34332-2F07-4A16-8DDC-D9A737F37862}.AppStore|iPhoneSimulator.ActiveCfg = Release|Any CPU
		{8FA34332-2F07-4A16-8DDC-D9A737F37862}.AppStore|iPhoneSimulator.Build.0 = Release|Any CPU
		{8FA34332-2F07-4A16-8DDC-D9A737F37862}.AppStore|x64.ActiveCfg = Release|Any CPU
		{8FA34332-2F07-4A16-8DDC-D9A737F37862}.AppStore|x64.Build.0 = Release|Any CPU
		{8FA34332-2F07-4A16-8DDC-D9A737F37862}.AppStore|x86.ActiveCfg = Release|Any CPU
		{8FA34332-2F07-4A16-8DDC-D9A737F37862}.AppStore|x86.Build.0 = Release|Any CPU
		{8FA34332-2F07-4A16-8DDC-D9A737F37862}.Debug|Any CPU.ActiveCfg = Debug|Any CPU
		{8FA34332-2F07-4A16-8DDC-D9A737F37862}.Debug|Any CPU.Build.0 = Debug|Any CPU
		{8FA34332-2F07-4A16-8DDC-D9A737F37862}.Debug|ARM.ActiveCfg = Debug|Any CPU
		{8FA34332-2F07-4A16-8DDC-D9A737F37862}.Debug|ARM.Build.0 = Debug|Any CPU
		{8FA34332-2F07-4A16-8DDC-D9A737F37862}.Debug|iPhone.ActiveCfg = Debug|Any CPU
		{8FA34332-2F07-4A16-8DDC-D9A737F37862}.Debug|iPhone.Build.0 = Debug|Any CPU
		{8FA34332-2F07-4A16-8DDC-D9A737F37862}.Debug|iPhoneSimulator.ActiveCfg = Debug|Any CPU
		{8FA34332-2F07-4A16-8DDC-D9A737F37862}.Debug|iPhoneSimulator.Build.0 = Debug|Any CPU
		{8FA34332-2F07-4A16-8DDC-D9A737F37862}.Debug|x64.ActiveCfg = Debug|Any CPU
		{8FA34332-2F07-4A16-8DDC-D9A737F37862}.Debug|x64.Build.0 = Debug|Any CPU
		{8FA34332-2F07-4A16-8DDC-D9A737F37862}.Debug|x86.ActiveCfg = Debug|Any CPU
		{8FA34332-2F07-4A16-8DDC-D9A737F37862}.Debug|x86.Build.0 = Debug|Any CPU
		{8FA34332-2F07-4A16-8DDC-D9A737F37862}.Release|Any CPU.ActiveCfg = Release|Any CPU
		{8FA34332-2F07-4A16-8DDC-D9A737F37862}.Release|Any CPU.Build.0 = Release|Any CPU
		{8FA34332-2F07-4A16-8DDC-D9A737F37862}.Release|ARM.ActiveCfg = Release|Any CPU
		{8FA34332-2F07-4A16-8DDC-D9A737F37862}.Release|ARM.Build.0 = Release|Any CPU
		{8FA34332-2F07-4A16-8DDC-D9A737F37862}.Release|iPhone.ActiveCfg = Release|Any CPU
		{8FA34332-2F07-4A16-8DDC-D9A737F37862}.Release|iPhone.Build.0 = Release|Any CPU
		{8FA34332-2F07-4A16-8DDC-D9A737F37862}.Release|iPhoneSimulator.ActiveCfg = Release|Any CPU
		{8FA34332-2F07-4A16-8DDC-D9A737F37862}.Release|iPhoneSimulator.Build.0 = Release|Any CPU
		{8FA34332-2F07-4A16-8DDC-D9A737F37862}.Release|x64.ActiveCfg = Release|Any CPU
		{8FA34332-2F07-4A16-8DDC-D9A737F37862}.Release|x64.Build.0 = Release|Any CPU
		{8FA34332-2F07-4A16-8DDC-D9A737F37862}.Release|x86.ActiveCfg = Release|Any CPU
		{8FA34332-2F07-4A16-8DDC-D9A737F37862}.Release|x86.Build.0 = Release|Any CPU
		{C014BD7A-ED21-46CE-8CE2-96BE434E3050}.Ad-Hoc|Any CPU.ActiveCfg = Release|x86
		{C014BD7A-ED21-46CE-8CE2-96BE434E3050}.Ad-Hoc|Any CPU.Build.0 = Release|x86
		{C014BD7A-ED21-46CE-8CE2-96BE434E3050}.Ad-Hoc|Any CPU.Deploy.0 = Release|x86
		{C014BD7A-ED21-46CE-8CE2-96BE434E3050}.Ad-Hoc|ARM.ActiveCfg = Release|ARM
		{C014BD7A-ED21-46CE-8CE2-96BE434E3050}.Ad-Hoc|ARM.Build.0 = Release|ARM
		{C014BD7A-ED21-46CE-8CE2-96BE434E3050}.Ad-Hoc|ARM.Deploy.0 = Release|ARM
		{C014BD7A-ED21-46CE-8CE2-96BE434E3050}.Ad-Hoc|iPhone.ActiveCfg = Release|x86
		{C014BD7A-ED21-46CE-8CE2-96BE434E3050}.Ad-Hoc|iPhone.Build.0 = Release|x86
		{C014BD7A-ED21-46CE-8CE2-96BE434E3050}.Ad-Hoc|iPhone.Deploy.0 = Release|x86
		{C014BD7A-ED21-46CE-8CE2-96BE434E3050}.Ad-Hoc|iPhoneSimulator.ActiveCfg = Release|x86
		{C014BD7A-ED21-46CE-8CE2-96BE434E3050}.Ad-Hoc|iPhoneSimulator.Build.0 = Release|x86
		{C014BD7A-ED21-46CE-8CE2-96BE434E3050}.Ad-Hoc|iPhoneSimulator.Deploy.0 = Release|x86
		{C014BD7A-ED21-46CE-8CE2-96BE434E3050}.Ad-Hoc|x64.ActiveCfg = Release|x64
		{C014BD7A-ED21-46CE-8CE2-96BE434E3050}.Ad-Hoc|x64.Build.0 = Release|x64
		{C014BD7A-ED21-46CE-8CE2-96BE434E3050}.Ad-Hoc|x64.Deploy.0 = Release|x64
		{C014BD7A-ED21-46CE-8CE2-96BE434E3050}.Ad-Hoc|x86.ActiveCfg = Release|x86
		{C014BD7A-ED21-46CE-8CE2-96BE434E3050}.Ad-Hoc|x86.Build.0 = Release|x86
		{C014BD7A-ED21-46CE-8CE2-96BE434E3050}.Ad-Hoc|x86.Deploy.0 = Release|x86
		{C014BD7A-ED21-46CE-8CE2-96BE434E3050}.AppStore|Any CPU.ActiveCfg = Release|x86
		{C014BD7A-ED21-46CE-8CE2-96BE434E3050}.AppStore|Any CPU.Build.0 = Release|x86
		{C014BD7A-ED21-46CE-8CE2-96BE434E3050}.AppStore|Any CPU.Deploy.0 = Release|x86
		{C014BD7A-ED21-46CE-8CE2-96BE434E3050}.AppStore|ARM.ActiveCfg = Release|ARM
		{C014BD7A-ED21-46CE-8CE2-96BE434E3050}.AppStore|ARM.Build.0 = Release|ARM
		{C014BD7A-ED21-46CE-8CE2-96BE434E3050}.AppStore|ARM.Deploy.0 = Release|ARM
		{C014BD7A-ED21-46CE-8CE2-96BE434E3050}.AppStore|iPhone.ActiveCfg = Release|x86
		{C014BD7A-ED21-46CE-8CE2-96BE434E3050}.AppStore|iPhone.Build.0 = Release|x86
		{C014BD7A-ED21-46CE-8CE2-96BE434E3050}.AppStore|iPhone.Deploy.0 = Release|x86
		{C014BD7A-ED21-46CE-8CE2-96BE434E3050}.AppStore|iPhoneSimulator.ActiveCfg = Release|x86
		{C014BD7A-ED21-46CE-8CE2-96BE434E3050}.AppStore|iPhoneSimulator.Build.0 = Release|x86
		{C014BD7A-ED21-46CE-8CE2-96BE434E3050}.AppStore|iPhoneSimulator.Deploy.0 = Release|x86
		{C014BD7A-ED21-46CE-8CE2-96BE434E3050}.AppStore|x64.ActiveCfg = Release|x64
		{C014BD7A-ED21-46CE-8CE2-96BE434E3050}.AppStore|x64.Build.0 = Release|x64
		{C014BD7A-ED21-46CE-8CE2-96BE434E3050}.AppStore|x64.Deploy.0 = Release|x64
		{C014BD7A-ED21-46CE-8CE2-96BE434E3050}.AppStore|x86.ActiveCfg = Release|x86
		{C014BD7A-ED21-46CE-8CE2-96BE434E3050}.AppStore|x86.Build.0 = Release|x86
		{C014BD7A-ED21-46CE-8CE2-96BE434E3050}.AppStore|x86.Deploy.0 = Release|x86
		{C014BD7A-ED21-46CE-8CE2-96BE434E3050}.Debug|Any CPU.ActiveCfg = Debug|x86
		{C014BD7A-ED21-46CE-8CE2-96BE434E3050}.Debug|ARM.ActiveCfg = Debug|ARM
		{C014BD7A-ED21-46CE-8CE2-96BE434E3050}.Debug|ARM.Build.0 = Debug|ARM
		{C014BD7A-ED21-46CE-8CE2-96BE434E3050}.Debug|ARM.Deploy.0 = Debug|ARM
		{C014BD7A-ED21-46CE-8CE2-96BE434E3050}.Debug|iPhone.ActiveCfg = Debug|x86
		{C014BD7A-ED21-46CE-8CE2-96BE434E3050}.Debug|iPhoneSimulator.ActiveCfg = Debug|x86
		{C014BD7A-ED21-46CE-8CE2-96BE434E3050}.Debug|x64.ActiveCfg = Debug|x64
		{C014BD7A-ED21-46CE-8CE2-96BE434E3050}.Debug|x64.Build.0 = Debug|x64
		{C014BD7A-ED21-46CE-8CE2-96BE434E3050}.Debug|x64.Deploy.0 = Debug|x64
		{C014BD7A-ED21-46CE-8CE2-96BE434E3050}.Debug|x86.ActiveCfg = Debug|x86
		{C014BD7A-ED21-46CE-8CE2-96BE434E3050}.Debug|x86.Build.0 = Debug|x86
		{C014BD7A-ED21-46CE-8CE2-96BE434E3050}.Debug|x86.Deploy.0 = Debug|x86
		{C014BD7A-ED21-46CE-8CE2-96BE434E3050}.Release|Any CPU.ActiveCfg = Release|x86
		{C014BD7A-ED21-46CE-8CE2-96BE434E3050}.Release|ARM.ActiveCfg = Release|ARM
		{C014BD7A-ED21-46CE-8CE2-96BE434E3050}.Release|ARM.Build.0 = Release|ARM
		{C014BD7A-ED21-46CE-8CE2-96BE434E3050}.Release|ARM.Deploy.0 = Release|ARM
		{C014BD7A-ED21-46CE-8CE2-96BE434E3050}.Release|iPhone.ActiveCfg = Release|x86
		{C014BD7A-ED21-46CE-8CE2-96BE434E3050}.Release|iPhoneSimulator.ActiveCfg = Release|x86
		{C014BD7A-ED21-46CE-8CE2-96BE434E3050}.Release|x64.ActiveCfg = Release|x64
		{C014BD7A-ED21-46CE-8CE2-96BE434E3050}.Release|x64.Build.0 = Release|x64
		{C014BD7A-ED21-46CE-8CE2-96BE434E3050}.Release|x64.Deploy.0 = Release|x64
		{C014BD7A-ED21-46CE-8CE2-96BE434E3050}.Release|x86.ActiveCfg = Release|x86
		{C014BD7A-ED21-46CE-8CE2-96BE434E3050}.Release|x86.Build.0 = Release|x86
		{C014BD7A-ED21-46CE-8CE2-96BE434E3050}.Release|x86.Deploy.0 = Release|x86
		{3341D07C-D476-4097-B3A7-76FA58AAFE14}.Ad-Hoc|Any CPU.ActiveCfg = Ad-Hoc|iPhone
		{3341D07C-D476-4097-B3A7-76FA58AAFE14}.Ad-Hoc|ARM.ActiveCfg = Ad-Hoc|iPhone
		{3341D07C-D476-4097-B3A7-76FA58AAFE14}.Ad-Hoc|iPhone.ActiveCfg = Ad-Hoc|iPhone
		{3341D07C-D476-4097-B3A7-76FA58AAFE14}.Ad-Hoc|iPhone.Build.0 = Ad-Hoc|iPhone
		{3341D07C-D476-4097-B3A7-76FA58AAFE14}.Ad-Hoc|iPhoneSimulator.ActiveCfg = Ad-Hoc|iPhoneSimulator
		{3341D07C-D476-4097-B3A7-76FA58AAFE14}.Ad-Hoc|iPhoneSimulator.Build.0 = Ad-Hoc|iPhoneSimulator
		{3341D07C-D476-4097-B3A7-76FA58AAFE14}.Ad-Hoc|x64.ActiveCfg = Ad-Hoc|iPhone
		{3341D07C-D476-4097-B3A7-76FA58AAFE14}.Ad-Hoc|x86.ActiveCfg = Ad-Hoc|iPhone
		{3341D07C-D476-4097-B3A7-76FA58AAFE14}.AppStore|Any CPU.ActiveCfg = AppStore|iPhone
		{3341D07C-D476-4097-B3A7-76FA58AAFE14}.AppStore|ARM.ActiveCfg = AppStore|iPhone
		{3341D07C-D476-4097-B3A7-76FA58AAFE14}.AppStore|iPhone.ActiveCfg = AppStore|iPhone
		{3341D07C-D476-4097-B3A7-76FA58AAFE14}.AppStore|iPhone.Build.0 = AppStore|iPhone
		{3341D07C-D476-4097-B3A7-76FA58AAFE14}.AppStore|iPhoneSimulator.ActiveCfg = AppStore|iPhoneSimulator
		{3341D07C-D476-4097-B3A7-76FA58AAFE14}.AppStore|iPhoneSimulator.Build.0 = AppStore|iPhoneSimulator
		{3341D07C-D476-4097-B3A7-76FA58AAFE14}.AppStore|x64.ActiveCfg = AppStore|iPhone
		{3341D07C-D476-4097-B3A7-76FA58AAFE14}.AppStore|x86.ActiveCfg = AppStore|iPhone
		{3341D07C-D476-4097-B3A7-76FA58AAFE14}.Debug|Any CPU.ActiveCfg = Debug|iPhone
		{3341D07C-D476-4097-B3A7-76FA58AAFE14}.Debug|ARM.ActiveCfg = Debug|iPhone
		{3341D07C-D476-4097-B3A7-76FA58AAFE14}.Debug|iPhone.ActiveCfg = Debug|iPhone
		{3341D07C-D476-4097-B3A7-76FA58AAFE14}.Debug|iPhone.Build.0 = Debug|iPhone
		{3341D07C-D476-4097-B3A7-76FA58AAFE14}.Debug|iPhoneSimulator.ActiveCfg = Debug|iPhoneSimulator
		{3341D07C-D476-4097-B3A7-76FA58AAFE14}.Debug|iPhoneSimulator.Build.0 = Debug|iPhoneSimulator
		{3341D07C-D476-4097-B3A7-76FA58AAFE14}.Debug|x64.ActiveCfg = Debug|iPhone
		{3341D07C-D476-4097-B3A7-76FA58AAFE14}.Debug|x86.ActiveCfg = Debug|iPhone
		{3341D07C-D476-4097-B3A7-76FA58AAFE14}.Release|Any CPU.ActiveCfg = Release|iPhone
		{3341D07C-D476-4097-B3A7-76FA58AAFE14}.Release|ARM.ActiveCfg = Release|iPhone
		{3341D07C-D476-4097-B3A7-76FA58AAFE14}.Release|iPhone.ActiveCfg = Release|iPhone
		{3341D07C-D476-4097-B3A7-76FA58AAFE14}.Release|iPhone.Build.0 = Release|iPhone
		{3341D07C-D476-4097-B3A7-76FA58AAFE14}.Release|iPhoneSimulator.ActiveCfg = Release|iPhoneSimulator
		{3341D07C-D476-4097-B3A7-76FA58AAFE14}.Release|iPhoneSimulator.Build.0 = Release|iPhoneSimulator
		{3341D07C-D476-4097-B3A7-76FA58AAFE14}.Release|x64.ActiveCfg = Release|iPhone
		{3341D07C-D476-4097-B3A7-76FA58AAFE14}.Release|x86.ActiveCfg = Release|iPhone
	EndGlobalSection
	GlobalSection(SolutionProperties) = preSolution
		HideSolutionNode = FALSE
	EndGlobalSection
EndGlobal
