
Microsoft Visual Studio Solution File, Format Version 12.00
# Visual Studio 15
VisualStudioVersion = 15.0.26403.7
MinimumVisualStudioVersion = 10.0.40219.1
Project("{FAE04EC0-301F-11D3-BF4B-00C04F79EFBC}") = "cs_go_app_masa.Android", "cs_go_app_masa\cs_go_app_masa.Android\cs_go_app_masa.Android.csproj", "{942C263A-D4C7-4ACA-949D-78E84C6F18DA}"
EndProject
Project("{FAE04EC0-301F-11D3-BF4B-00C04F79EFBC}") = "cs_go_app_masa", "cs_go_app_masa\cs_go_app_masa\cs_go_app_masa.csproj", "{AD456F8A-5DB4-4D55-AECC-7E2FC818C27E}"
EndProject
Project("{FAE04EC0-301F-11D3-BF4B-00C04F79EFBC}") = "cs_go_app_masa.UWP", "cs_go_app_masa\cs_go_app_masa.UWP\cs_go_app_masa.UWP.csproj", "{8D941D39-22AC-4CB9-A384-B512D193D94A}"
EndProject
Project("{FAE04EC0-301F-11D3-BF4B-00C04F79EFBC}") = "cs_go_app_masa.iOS", "cs_go_app_masa\cs_go_app_masa.iOS\cs_go_app_masa.iOS.csproj", "{B81767C8-2864-4A35-8211-86671756B968}"
EndProject
Global
	GlobalSection(SolutionConfigurationPlatforms) = preSolution
		Ad-Hoc|Any CPU = Ad-Hoc|Any CPU
		Ad-Hoc|ARM = Ad-Hoc|ARM
		Ad-Hoc|iPhone = Ad-Hoc|iPhone
		Ad-Hoc|iPhoneSimulator = Ad-Hoc|iPhoneSimulator
		Ad-Hoc|x64 = Ad-Hoc|x64
		Ad-Hoc|x86 = Ad-Hoc|x86
		AppStore|Any CPU = AppStore|Any CPU
		AppStore|ARM = AppStore|ARM
		AppStore|iPhone = AppStore|iPhone
		AppStore|iPhoneSimulator = AppStore|iPhoneSimulator
		AppStore|x64 = AppStore|x64
		AppStore|x86 = AppStore|x86
		Debug|Any CPU = Debug|Any CPU
		Debug|ARM = Debug|ARM
		Debug|iPhone = Debug|iPhone
		Debug|iPhoneSimulator = Debug|iPhoneSimulator
		Debug|x64 = Debug|x64
		Debug|x86 = Debug|x86
		Release|Any CPU = Release|Any CPU
		Release|ARM = Release|ARM
		Release|iPhone = Release|iPhone
		Release|iPhoneSimulator = Release|iPhoneSimulator
		Release|x64 = Release|x64
		Release|x86 = Release|x86
	EndGlobalSection
	GlobalSection(ProjectConfigurationPlatforms) = postSolution
		{942C263A-D4C7-4ACA-949D-78E84C6F18DA}.Ad-Hoc|Any CPU.ActiveCfg = Release|Any CPU
		{942C263A-D4C7-4ACA-949D-78E84C6F18DA}.Ad-Hoc|Any CPU.Build.0 = Release|Any CPU
		{942C263A-D4C7-4ACA-949D-78E84C6F18DA}.Ad-Hoc|Any CPU.Deploy.0 = Release|Any CPU
		{942C263A-D4C7-4ACA-949D-78E84C6F18DA}.Ad-Hoc|ARM.ActiveCfg = Release|Any CPU
		{942C263A-D4C7-4ACA-949D-78E84C6F18DA}.Ad-Hoc|ARM.Build.0 = Release|Any CPU
		{942C263A-D4C7-4ACA-949D-78E84C6F18DA}.Ad-Hoc|ARM.Deploy.0 = Release|Any CPU
		{942C263A-D4C7-4ACA-949D-78E84C6F18DA}.Ad-Hoc|iPhone.ActiveCfg = Release|Any CPU
		{942C263A-D4C7-4ACA-949D-78E84C6F18DA}.Ad-Hoc|iPhone.Build.0 = Release|Any CPU
		{942C263A-D4C7-4ACA-949D-78E84C6F18DA}.Ad-Hoc|iPhone.Deploy.0 = Release|Any CPU
		{942C263A-D4C7-4ACA-949D-78E84C6F18DA}.Ad-Hoc|iPhoneSimulator.ActiveCfg = Release|Any CPU
		{942C263A-D4C7-4ACA-949D-78E84C6F18DA}.Ad-Hoc|iPhoneSimulator.Build.0 = Release|Any CPU
		{942C263A-D4C7-4ACA-949D-78E84C6F18DA}.Ad-Hoc|iPhoneSimulator.Deploy.0 = Release|Any CPU
		{942C263A-D4C7-4ACA-949D-78E84C6F18DA}.Ad-Hoc|x64.ActiveCfg = Release|Any CPU
		{942C263A-D4C7-4ACA-949D-78E84C6F18DA}.Ad-Hoc|x64.Build.0 = Release|Any CPU
		{942C263A-D4C7-4ACA-949D-78E84C6F18DA}.Ad-Hoc|x64.Deploy.0 = Release|Any CPU
		{942C263A-D4C7-4ACA-949D-78E84C6F18DA}.Ad-Hoc|x86.ActiveCfg = Release|Any CPU
		{942C263A-D4C7-4ACA-949D-78E84C6F18DA}.Ad-Hoc|x86.Build.0 = Release|Any CPU
		{942C263A-D4C7-4ACA-949D-78E84C6F18DA}.Ad-Hoc|x86.Deploy.0 = Release|Any CPU
		{942C263A-D4C7-4ACA-949D-78E84C6F18DA}.AppStore|Any CPU.ActiveCfg = Release|Any CPU
		{942C263A-D4C7-4ACA-949D-78E84C6F18DA}.AppStore|Any CPU.Build.0 = Release|Any CPU
		{942C263A-D4C7-4ACA-949D-78E84C6F18DA}.AppStore|Any CPU.Deploy.0 = Release|Any CPU
		{942C263A-D4C7-4ACA-949D-78E84C6F18DA}.AppStore|ARM.ActiveCfg = Release|Any CPU
		{942C263A-D4C7-4ACA-949D-78E84C6F18DA}.AppStore|ARM.Build.0 = Release|Any CPU
		{942C263A-D4C7-4ACA-949D-78E84C6F18DA}.AppStore|ARM.Deploy.0 = Release|Any CPU
		{942C263A-D4C7-4ACA-949D-78E84C6F18DA}.AppStore|iPhone.ActiveCfg = Release|Any CPU
		{942C263A-D4C7-4ACA-949D-78E84C6F18DA}.AppStore|iPhone.Build.0 = Release|Any CPU
		{942C263A-D4C7-4ACA-949D-78E84C6F18DA}.AppStore|iPhone.Deploy.0 = Release|Any CPU
		{942C263A-D4C7-4ACA-949D-78E84C6F18DA}.AppStore|iPhoneSimulator.ActiveCfg = Release|Any CPU
		{942C263A-D4C7-4ACA-949D-78E84C6F18DA}.AppStore|iPhoneSimulator.Build.0 = Release|Any CPU
		{942C263A-D4C7-4ACA-949D-78E84C6F18DA}.AppStore|iPhoneSimulator.Deploy.0 = Release|Any CPU
		{942C263A-D4C7-4ACA-949D-78E84C6F18DA}.AppStore|x64.ActiveCfg = Release|Any CPU
		{942C263A-D4C7-4ACA-949D-78E84C6F18DA}.AppStore|x64.Build.0 = Release|Any CPU
		{942C263A-D4C7-4ACA-949D-78E84C6F18DA}.AppStore|x64.Deploy.0 = Release|Any CPU
		{942C263A-D4C7-4ACA-949D-78E84C6F18DA}.AppStore|x86.ActiveCfg = Release|Any CPU
		{942C263A-D4C7-4ACA-949D-78E84C6F18DA}.AppStore|x86.Build.0 = Release|Any CPU
		{942C263A-D4C7-4ACA-949D-78E84C6F18DA}.AppStore|x86.Deploy.0 = Release|Any CPU
		{942C263A-D4C7-4ACA-949D-78E84C6F18DA}.Debug|Any CPU.ActiveCfg = Debug|Any CPU
		{942C263A-D4C7-4ACA-949D-78E84C6F18DA}.Debug|Any CPU.Build.0 = Debug|Any CPU
		{942C263A-D4C7-4ACA-949D-78E84C6F18DA}.Debug|Any CPU.Deploy.0 = Debug|Any CPU
		{942C263A-D4C7-4ACA-949D-78E84C6F18DA}.Debug|ARM.ActiveCfg = Debug|Any CPU
		{942C263A-D4C7-4ACA-949D-78E84C6F18DA}.Debug|ARM.Build.0 = Debug|Any CPU
		{942C263A-D4C7-4ACA-949D-78E84C6F18DA}.Debug|ARM.Deploy.0 = Debug|Any CPU
		{942C263A-D4C7-4ACA-949D-78E84C6F18DA}.Debug|iPhone.ActiveCfg = Debug|Any CPU
		{942C263A-D4C7-4ACA-949D-78E84C6F18DA}.Debug|iPhone.Build.0 = Debug|Any CPU
		{942C263A-D4C7-4ACA-949D-78E84C6F18DA}.Debug|iPhone.Deploy.0 = Debug|Any CPU
		{942C263A-D4C7-4ACA-949D-78E84C6F18DA}.Debug|iPhoneSimulator.ActiveCfg = Debug|Any CPU
		{942C263A-D4C7-4ACA-949D-78E84C6F18DA}.Debug|iPhoneSimulator.Build.0 = Debug|Any CPU
		{942C263A-D4C7-4ACA-949D-78E84C6F18DA}.Debug|iPhoneSimulator.Deploy.0 = Debug|Any CPU
		{942C263A-D4C7-4ACA-949D-78E84C6F18DA}.Debug|x64.ActiveCfg = Debug|Any CPU
		{942C263A-D4C7-4ACA-949D-78E84C6F18DA}.Debug|x64.Build.0 = Debug|Any CPU
		{942C263A-D4C7-4ACA-949D-78E84C6F18DA}.Debug|x64.Deploy.0 = Debug|Any CPU
		{942C263A-D4C7-4ACA-949D-78E84C6F18DA}.Debug|x86.ActiveCfg = Debug|Any CPU
		{942C263A-D4C7-4ACA-949D-78E84C6F18DA}.Debug|x86.Build.0 = Debug|Any CPU
		{942C263A-D4C7-4ACA-949D-78E84C6F18DA}.Debug|x86.Deploy.0 = Debug|Any CPU
		{942C263A-D4C7-4ACA-949D-78E84C6F18DA}.Release|Any CPU.ActiveCfg = Release|Any CPU
		{942C263A-D4C7-4ACA-949D-78E84C6F18DA}.Release|Any CPU.Build.0 = Release|Any CPU
		{942C263A-D4C7-4ACA-949D-78E84C6F18DA}.Release|Any CPU.Deploy.0 = Release|Any CPU
		{942C263A-D4C7-4ACA-949D-78E84C6F18DA}.Release|ARM.ActiveCfg = Release|Any CPU
		{942C263A-D4C7-4ACA-949D-78E84C6F18DA}.Release|ARM.Build.0 = Release|Any CPU
		{942C263A-D4C7-4ACA-949D-78E84C6F18DA}.Release|ARM.Deploy.0 = Release|Any CPU
		{942C263A-D4C7-4ACA-949D-78E84C6F18DA}.Release|iPhone.ActiveCfg = Release|Any CPU
		{942C263A-D4C7-4ACA-949D-78E84C6F18DA}.Release|iPhone.Build.0 = Release|Any CPU
		{942C263A-D4C7-4ACA-949D-78E84C6F18DA}.Release|iPhone.Deploy.0 = Release|Any CPU
		{942C263A-D4C7-4ACA-949D-78E84C6F18DA}.Release|iPhoneSimulator.ActiveCfg = Release|Any CPU
		{942C263A-D4C7-4ACA-949D-78E84C6F18DA}.Release|iPhoneSimulator.Build.0 = Release|Any CPU
		{942C263A-D4C7-4ACA-949D-78E84C6F18DA}.Release|iPhoneSimulator.Deploy.0 = Release|Any CPU
		{942C263A-D4C7-4ACA-949D-78E84C6F18DA}.Release|x64.ActiveCfg = Release|Any CPU
		{942C263A-D4C7-4ACA-949D-78E84C6F18DA}.Release|x64.Build.0 = Release|Any CPU
		{942C263A-D4C7-4ACA-949D-78E84C6F18DA}.Release|x64.Deploy.0 = Release|Any CPU
		{942C263A-D4C7-4ACA-949D-78E84C6F18DA}.Release|x86.ActiveCfg = Release|Any CPU
		{942C263A-D4C7-4ACA-949D-78E84C6F18DA}.Release|x86.Build.0 = Release|Any CPU
		{942C263A-D4C7-4ACA-949D-78E84C6F18DA}.Release|x86.Deploy.0 = Release|Any CPU
		{AD456F8A-5DB4-4D55-AECC-7E2FC818C27E}.Ad-Hoc|Any CPU.ActiveCfg = Release|Any CPU
		{AD456F8A-5DB4-4D55-AECC-7E2FC818C27E}.Ad-Hoc|Any CPU.Build.0 = Release|Any CPU
		{AD456F8A-5DB4-4D55-AECC-7E2FC818C27E}.Ad-Hoc|ARM.ActiveCfg = Release|Any CPU
		{AD456F8A-5DB4-4D55-AECC-7E2FC818C27E}.Ad-Hoc|ARM.Build.0 = Release|Any CPU
		{AD456F8A-5DB4-4D55-AECC-7E2FC818C27E}.Ad-Hoc|iPhone.ActiveCfg = Release|Any CPU
		{AD456F8A-5DB4-4D55-AECC-7E2FC818C27E}.Ad-Hoc|iPhone.Build.0 = Release|Any CPU
		{AD456F8A-5DB4-4D55-AECC-7E2FC818C27E}.Ad-Hoc|iPhoneSimulator.ActiveCfg = Release|Any CPU
		{AD456F8A-5DB4-4D55-AECC-7E2FC818C27E}.Ad-Hoc|iPhoneSimulator.Build.0 = Release|Any CPU
		{AD456F8A-5DB4-4D55-AECC-7E2FC818C27E}.Ad-Hoc|x64.ActiveCfg = Release|Any CPU
		{AD456F8A-5DB4-4D55-AECC-7E2FC818C27E}.Ad-Hoc|x64.Build.0 = Release|Any CPU
		{AD456F8A-5DB4-4D55-AECC-7E2FC818C27E}.Ad-Hoc|x86.ActiveCfg = Release|Any CPU
		{AD456F8A-5DB4-4D55-AECC-7E2FC818C27E}.Ad-Hoc|x86.Build.0 = Release|Any CPU
		{AD456F8A-5DB4-4D55-AECC-7E2FC818C27E}.AppStore|Any CPU.ActiveCfg = Release|Any CPU
		{AD456F8A-5DB4-4D55-AECC-7E2FC818C27E}.AppStore|Any CPU.Build.0 = Release|Any CPU
		{AD456F8A-5DB4-4D55-AECC-7E2FC818C27E}.AppStore|ARM.ActiveCfg = Release|Any CPU
		{AD456F8A-5DB4-4D55-AECC-7E2FC818C27E}.AppStore|ARM.Build.0 = Release|Any CPU
		{AD456F8A-5DB4-4D55-AECC-7E2FC818C27E}.AppStore|iPhone.ActiveCfg = Release|Any CPU
		{AD456F8A-5DB4-4D55-AECC-7E2FC818C27E}.AppStore|iPhone.Build.0 = Release|Any CPU
		{AD456F8A-5DB4-4D55-AECC-7E2FC818C27E}.AppStore|iPhoneSimulator.ActiveCfg = Release|Any CPU
		{AD456F8A-5DB4-4D55-AECC-7E2FC818C27E}.AppStore|iPhoneSimulator.Build.0 = Release|Any CPU
		{AD456F8A-5DB4-4D55-AECC-7E2FC818C27E}.AppStore|x64.ActiveCfg = Release|Any CPU
		{AD456F8A-5DB4-4D55-AECC-7E2FC818C27E}.AppStore|x64.Build.0 = Release|Any CPU
		{AD456F8A-5DB4-4D55-AECC-7E2FC818C27E}.AppStore|x86.ActiveCfg = Release|Any CPU
		{AD456F8A-5DB4-4D55-AECC-7E2FC818C27E}.AppStore|x86.Build.0 = Release|Any CPU
		{AD456F8A-5DB4-4D55-AECC-7E2FC818C27E}.Debug|Any CPU.ActiveCfg = Debug|Any CPU
		{AD456F8A-5DB4-4D55-AECC-7E2FC818C27E}.Debug|Any CPU.Build.0 = Debug|Any CPU
		{AD456F8A-5DB4-4D55-AECC-7E2FC818C27E}.Debug|ARM.ActiveCfg = Debug|Any CPU
		{AD456F8A-5DB4-4D55-AECC-7E2FC818C27E}.Debug|ARM.Build.0 = Debug|Any CPU
		{AD456F8A-5DB4-4D55-AECC-7E2FC818C27E}.Debug|iPhone.ActiveCfg = Debug|Any CPU
		{AD456F8A-5DB4-4D55-AECC-7E2FC818C27E}.Debug|iPhone.Build.0 = Debug|Any CPU
		{AD456F8A-5DB4-4D55-AECC-7E2FC818C27E}.Debug|iPhoneSimulator.ActiveCfg = Debug|Any CPU
		{AD456F8A-5DB4-4D55-AECC-7E2FC818C27E}.Debug|iPhoneSimulator.Build.0 = Debug|Any CPU
		{AD456F8A-5DB4-4D55-AECC-7E2FC818C27E}.Debug|x64.ActiveCfg = Debug|Any CPU
		{AD456F8A-5DB4-4D55-AECC-7E2FC818C27E}.Debug|x64.Build.0 = Debug|Any CPU
		{AD456F8A-5DB4-4D55-AECC-7E2FC818C27E}.Debug|x86.ActiveCfg = Debug|Any CPU
		{AD456F8A-5DB4-4D55-AECC-7E2FC818C27E}.Debug|x86.Build.0 = Debug|Any CPU
		{AD456F8A-5DB4-4D55-AECC-7E2FC818C27E}.Release|Any CPU.ActiveCfg = Release|Any CPU
		{AD456F8A-5DB4-4D55-AECC-7E2FC818C27E}.Release|Any CPU.Build.0 = Release|Any CPU
		{AD456F8A-5DB4-4D55-AECC-7E2FC818C27E}.Release|ARM.ActiveCfg = Release|Any CPU
		{AD456F8A-5DB4-4D55-AECC-7E2FC818C27E}.Release|ARM.Build.0 = Release|Any CPU
		{AD456F8A-5DB4-4D55-AECC-7E2FC818C27E}.Release|iPhone.ActiveCfg = Release|Any CPU
		{AD456F8A-5DB4-4D55-AECC-7E2FC818C27E}.Release|iPhone.Build.0 = Release|Any CPU
		{AD456F8A-5DB4-4D55-AECC-7E2FC818C27E}.Release|iPhoneSimulator.ActiveCfg = Release|Any CPU
		{AD456F8A-5DB4-4D55-AECC-7E2FC818C27E}.Release|iPhoneSimulator.Build.0 = Release|Any CPU
		{AD456F8A-5DB4-4D55-AECC-7E2FC818C27E}.Release|x64.ActiveCfg = Release|Any CPU
		{AD456F8A-5DB4-4D55-AECC-7E2FC818C27E}.Release|x64.Build.0 = Release|Any CPU
		{AD456F8A-5DB4-4D55-AECC-7E2FC818C27E}.Release|x86.ActiveCfg = Release|Any CPU
		{AD456F8A-5DB4-4D55-AECC-7E2FC818C27E}.Release|x86.Build.0 = Release|Any CPU
		{8D941D39-22AC-4CB9-A384-B512D193D94A}.Ad-Hoc|Any CPU.ActiveCfg = Release|x86
		{8D941D39-22AC-4CB9-A384-B512D193D94A}.Ad-Hoc|Any CPU.Build.0 = Release|x86
		{8D941D39-22AC-4CB9-A384-B512D193D94A}.Ad-Hoc|Any CPU.Deploy.0 = Release|x86
		{8D941D39-22AC-4CB9-A384-B512D193D94A}.Ad-Hoc|ARM.ActiveCfg = Release|ARM
		{8D941D39-22AC-4CB9-A384-B512D193D94A}.Ad-Hoc|ARM.Build.0 = Release|ARM
		{8D941D39-22AC-4CB9-A384-B512D193D94A}.Ad-Hoc|ARM.Deploy.0 = Release|ARM
		{8D941D39-22AC-4CB9-A384-B512D193D94A}.Ad-Hoc|iPhone.ActiveCfg = Release|x86
		{8D941D39-22AC-4CB9-A384-B512D193D94A}.Ad-Hoc|iPhone.Build.0 = Release|x86
		{8D941D39-22AC-4CB9-A384-B512D193D94A}.Ad-Hoc|iPhone.Deploy.0 = Release|x86
		{8D941D39-22AC-4CB9-A384-B512D193D94A}.Ad-Hoc|iPhoneSimulator.ActiveCfg = Release|x86
		{8D941D39-22AC-4CB9-A384-B512D193D94A}.Ad-Hoc|iPhoneSimulator.Build.0 = Release|x86
		{8D941D39-22AC-4CB9-A384-B512D193D94A}.Ad-Hoc|iPhoneSimulator.Deploy.0 = Release|x86
		{8D941D39-22AC-4CB9-A384-B512D193D94A}.Ad-Hoc|x64.ActiveCfg = Release|x64
		{8D941D39-22AC-4CB9-A384-B512D193D94A}.Ad-Hoc|x64.Build.0 = Release|x64
		{8D941D39-22AC-4CB9-A384-B512D193D94A}.Ad-Hoc|x64.Deploy.0 = Release|x64
		{8D941D39-22AC-4CB9-A384-B512D193D94A}.Ad-Hoc|x86.ActiveCfg = Release|x86
		{8D941D39-22AC-4CB9-A384-B512D193D94A}.Ad-Hoc|x86.Build.0 = Release|x86
		{8D941D39-22AC-4CB9-A384-B512D193D94A}.Ad-Hoc|x86.Deploy.0 = Release|x86
		{8D941D39-22AC-4CB9-A384-B512D193D94A}.AppStore|Any CPU.ActiveCfg = Release|x86
		{8D941D39-22AC-4CB9-A384-B512D193D94A}.AppStore|Any CPU.Build.0 = Release|x86
		{8D941D39-22AC-4CB9-A384-B512D193D94A}.AppStore|Any CPU.Deploy.0 = Release|x86
		{8D941D39-22AC-4CB9-A384-B512D193D94A}.AppStore|ARM.ActiveCfg = Release|ARM
		{8D941D39-22AC-4CB9-A384-B512D193D94A}.AppStore|ARM.Build.0 = Release|ARM
		{8D941D39-22AC-4CB9-A384-B512D193D94A}.AppStore|ARM.Deploy.0 = Release|ARM
		{8D941D39-22AC-4CB9-A384-B512D193D94A}.AppStore|iPhone.ActiveCfg = Release|x86
		{8D941D39-22AC-4CB9-A384-B512D193D94A}.AppStore|iPhone.Build.0 = Release|x86
		{8D941D39-22AC-4CB9-A384-B512D193D94A}.AppStore|iPhone.Deploy.0 = Release|x86
		{8D941D39-22AC-4CB9-A384-B512D193D94A}.AppStore|iPhoneSimulator.ActiveCfg = Release|x86
		{8D941D39-22AC-4CB9-A384-B512D193D94A}.AppStore|iPhoneSimulator.Build.0 = Release|x86
		{8D941D39-22AC-4CB9-A384-B512D193D94A}.AppStore|iPhoneSimulator.Deploy.0 = Release|x86
		{8D941D39-22AC-4CB9-A384-B512D193D94A}.AppStore|x64.ActiveCfg = Release|x64
		{8D941D39-22AC-4CB9-A384-B512D193D94A}.AppStore|x64.Build.0 = Release|x64
		{8D941D39-22AC-4CB9-A384-B512D193D94A}.AppStore|x64.Deploy.0 = Release|x64
		{8D941D39-22AC-4CB9-A384-B512D193D94A}.AppStore|x86.ActiveCfg = Release|x86
		{8D941D39-22AC-4CB9-A384-B512D193D94A}.AppStore|x86.Build.0 = Release|x86
		{8D941D39-22AC-4CB9-A384-B512D193D94A}.AppStore|x86.Deploy.0 = Release|x86
		{8D941D39-22AC-4CB9-A384-B512D193D94A}.Debug|Any CPU.ActiveCfg = Debug|x86
		{8D941D39-22AC-4CB9-A384-B512D193D94A}.Debug|ARM.ActiveCfg = Debug|ARM
		{8D941D39-22AC-4CB9-A384-B512D193D94A}.Debug|ARM.Build.0 = Debug|ARM
		{8D941D39-22AC-4CB9-A384-B512D193D94A}.Debug|ARM.Deploy.0 = Debug|ARM
		{8D941D39-22AC-4CB9-A384-B512D193D94A}.Debug|iPhone.ActiveCfg = Debug|x86
		{8D941D39-22AC-4CB9-A384-B512D193D94A}.Debug|iPhoneSimulator.ActiveCfg = Debug|x86
		{8D941D39-22AC-4CB9-A384-B512D193D94A}.Debug|x64.ActiveCfg = Debug|x64
		{8D941D39-22AC-4CB9-A384-B512D193D94A}.Debug|x64.Build.0 = Debug|x64
		{8D941D39-22AC-4CB9-A384-B512D193D94A}.Debug|x64.Deploy.0 = Debug|x64
		{8D941D39-22AC-4CB9-A384-B512D193D94A}.Debug|x86.ActiveCfg = Debug|x86
		{8D941D39-22AC-4CB9-A384-B512D193D94A}.Debug|x86.Build.0 = Debug|x86
		{8D941D39-22AC-4CB9-A384-B512D193D94A}.Debug|x86.Deploy.0 = Debug|x86
		{8D941D39-22AC-4CB9-A384-B512D193D94A}.Release|Any CPU.ActiveCfg = Release|x86
		{8D941D39-22AC-4CB9-A384-B512D193D94A}.Release|ARM.ActiveCfg = Release|ARM
		{8D941D39-22AC-4CB9-A384-B512D193D94A}.Release|ARM.Build.0 = Release|ARM
		{8D941D39-22AC-4CB9-A384-B512D193D94A}.Release|ARM.Deploy.0 = Release|ARM
		{8D941D39-22AC-4CB9-A384-B512D193D94A}.Release|iPhone.ActiveCfg = Release|x86
		{8D941D39-22AC-4CB9-A384-B512D193D94A}.Release|iPhoneSimulator.ActiveCfg = Release|x86
		{8D941D39-22AC-4CB9-A384-B512D193D94A}.Release|x64.ActiveCfg = Release|x64
		{8D941D39-22AC-4CB9-A384-B512D193D94A}.Release|x64.Build.0 = Release|x64
		{8D941D39-22AC-4CB9-A384-B512D193D94A}.Release|x64.Deploy.0 = Release|x64
		{8D941D39-22AC-4CB9-A384-B512D193D94A}.Release|x86.ActiveCfg = Release|x86
		{8D941D39-22AC-4CB9-A384-B512D193D94A}.Release|x86.Build.0 = Release|x86
		{8D941D39-22AC-4CB9-A384-B512D193D94A}.Release|x86.Deploy.0 = Release|x86
		{B81767C8-2864-4A35-8211-86671756B968}.Ad-Hoc|Any CPU.ActiveCfg = Ad-Hoc|iPhone
		{B81767C8-2864-4A35-8211-86671756B968}.Ad-Hoc|ARM.ActiveCfg = Ad-Hoc|iPhone
		{B81767C8-2864-4A35-8211-86671756B968}.Ad-Hoc|iPhone.ActiveCfg = Ad-Hoc|iPhone
		{B81767C8-2864-4A35-8211-86671756B968}.Ad-Hoc|iPhone.Build.0 = Ad-Hoc|iPhone
		{B81767C8-2864-4A35-8211-86671756B968}.Ad-Hoc|iPhoneSimulator.ActiveCfg = Ad-Hoc|iPhoneSimulator
		{B81767C8-2864-4A35-8211-86671756B968}.Ad-Hoc|iPhoneSimulator.Build.0 = Ad-Hoc|iPhoneSimulator
		{B81767C8-2864-4A35-8211-86671756B968}.Ad-Hoc|x64.ActiveCfg = Ad-Hoc|iPhone
		{B81767C8-2864-4A35-8211-86671756B968}.Ad-Hoc|x86.ActiveCfg = Ad-Hoc|iPhone
		{B81767C8-2864-4A35-8211-86671756B968}.AppStore|Any CPU.ActiveCfg = AppStore|iPhone
		{B81767C8-2864-4A35-8211-86671756B968}.AppStore|ARM.ActiveCfg = AppStore|iPhone
		{B81767C8-2864-4A35-8211-86671756B968}.AppStore|iPhone.ActiveCfg = AppStore|iPhone
		{B81767C8-2864-4A35-8211-86671756B968}.AppStore|iPhone.Build.0 = AppStore|iPhone
		{B81767C8-2864-4A35-8211-86671756B968}.AppStore|iPhoneSimulator.ActiveCfg = AppStore|iPhoneSimulator
		{B81767C8-2864-4A35-8211-86671756B968}.AppStore|iPhoneSimulator.Build.0 = AppStore|iPhoneSimulator
		{B81767C8-2864-4A35-8211-86671756B968}.AppStore|x64.ActiveCfg = AppStore|iPhone
		{B81767C8-2864-4A35-8211-86671756B968}.AppStore|x86.ActiveCfg = AppStore|iPhone
		{B81767C8-2864-4A35-8211-86671756B968}.Debug|Any CPU.ActiveCfg = Debug|iPhone
		{B81767C8-2864-4A35-8211-86671756B968}.Debug|ARM.ActiveCfg = Debug|iPhone
		{B81767C8-2864-4A35-8211-86671756B968}.Debug|iPhone.ActiveCfg = Debug|iPhone
		{B81767C8-2864-4A35-8211-86671756B968}.Debug|iPhone.Build.0 = Debug|iPhone
		{B81767C8-2864-4A35-8211-86671756B968}.Debug|iPhoneSimulator.ActiveCfg = Debug|iPhoneSimulator
		{B81767C8-2864-4A35-8211-86671756B968}.Debug|iPhoneSimulator.Build.0 = Debug|iPhoneSimulator
		{B81767C8-2864-4A35-8211-86671756B968}.Debug|x64.ActiveCfg = Debug|iPhone
		{B81767C8-2864-4A35-8211-86671756B968}.Debug|x86.ActiveCfg = Debug|iPhone
		{B81767C8-2864-4A35-8211-86671756B968}.Release|Any CPU.ActiveCfg = Release|iPhone
		{B81767C8-2864-4A35-8211-86671756B968}.Release|ARM.ActiveCfg = Release|iPhone
		{B81767C8-2864-4A35-8211-86671756B968}.Release|iPhone.ActiveCfg = Release|iPhone
		{B81767C8-2864-4A35-8211-86671756B968}.Release|iPhone.Build.0 = Release|iPhone
		{B81767C8-2864-4A35-8211-86671756B968}.Release|iPhoneSimulator.ActiveCfg = Release|iPhoneSimulator
		{B81767C8-2864-4A35-8211-86671756B968}.Release|iPhoneSimulator.Build.0 = Release|iPhoneSimulator
		{B81767C8-2864-4A35-8211-86671756B968}.Release|x64.ActiveCfg = Release|iPhone
		{B81767C8-2864-4A35-8211-86671756B968}.Release|x86.ActiveCfg = Release|iPhone
	EndGlobalSection
	GlobalSection(SolutionProperties) = preSolution
		HideSolutionNode = FALSE
	EndGlobalSection
EndGlobal
